
Microsoft Visual Studio Solution File, Format Version 12.00
# Visual Studio Version 16
VisualStudioVersion = 16.0.30204.135
MinimumVisualStudioVersion = 10.0.40219.1
Project("{FAE04EC0-301F-11D3-BF4B-00C04F79EFBC}") = "Autores", "DatosMaestros\Autores.csproj", "{AAD0039D-43CC-400F-AA1A-DF2C0AE2D506}"
EndProject
Global
	GlobalSection(SolutionConfigurationPlatforms) = preSolution
		Debug|Any CPU = Debug|Any CPU
		Release|Any CPU = Release|Any CPU
	EndGlobalSection
	GlobalSection(ProjectConfigurationPlatforms) = postSolution
		{AAD0039D-43CC-400F-AA1A-DF2C0AE2D506}.Debug|Any CPU.ActiveCfg = Debug|Any CPU
		{AAD0039D-43CC-400F-AA1A-DF2C0AE2D506}.Debug|Any CPU.Build.0 = Debug|Any CPU
		{AAD0039D-43CC-400F-AA1A-DF2C0AE2D506}.Release|Any CPU.ActiveCfg = Release|Any CPU
		{AAD0039D-43CC-400F-AA1A-DF2C0AE2D506}.Release|Any CPU.Build.0 = Release|Any CPU
	EndGlobalSection
	GlobalSection(SolutionProperties) = preSolution
		HideSolutionNode = FALSE
	EndGlobalSection
	GlobalSection(ExtensibilityGlobals) = postSolution
		SolutionGuid = {A639EE82-63B4-482B-B72B-E2FE87DEC975}
	EndGlobalSection
EndGlobal
