
Microsoft Visual Studio Solution File, Format Version 12.00
# Visual Studio Version 16
VisualStudioVersion = 16.0.30621.155
MinimumVisualStudioVersion = 10.0.40219.1
Project("{FAE04EC0-301F-11D3-BF4B-00C04F79EFBC}") = "BackAutores", "BackAutores.csproj", "{2C03E9F6-B5E9-4FA4-9696-6A9C90094652}"
EndProject
Global
	GlobalSection(SolutionConfigurationPlatforms) = preSolution
		Debug|Any CPU = Debug|Any CPU
		Release|Any CPU = Release|Any CPU
	EndGlobalSection
	GlobalSection(ProjectConfigurationPlatforms) = postSolution
		{2C03E9F6-B5E9-4FA4-9696-6A9C90094652}.Debug|Any CPU.ActiveCfg = Debug|Any CPU
		{2C03E9F6-B5E9-4FA4-9696-6A9C90094652}.Debug|Any CPU.Build.0 = Debug|Any CPU
		{2C03E9F6-B5E9-4FA4-9696-6A9C90094652}.Release|Any CPU.ActiveCfg = Release|Any CPU
		{2C03E9F6-B5E9-4FA4-9696-6A9C90094652}.Release|Any CPU.Build.0 = Release|Any CPU
	EndGlobalSection
	GlobalSection(SolutionProperties) = preSolution
		HideSolutionNode = FALSE
	EndGlobalSection
	GlobalSection(ExtensibilityGlobals) = postSolution
		SolutionGuid = {53FB3485-8637-422F-94C7-9270D36A34FE}
	EndGlobalSection
EndGlobal
